
Microsoft Visual Studio Solution File, Format Version 12.00
Project("{FAE04EC0-301F-11D3-BF4B-00C04F79EFBC}") = "PaidHr", "PaidHr\PaidHr.csproj", "{21D64864-9ACC-4312-A26B-1BE61C3121EE}"
EndProject
Global
	GlobalSection(SolutionConfigurationPlatforms) = preSolution
		Debug|Any CPU = Debug|Any CPU
		Release|Any CPU = Release|Any CPU
	EndGlobalSection
	GlobalSection(ProjectConfigurationPlatforms) = postSolution
		{21D64864-9ACC-4312-A26B-1BE61C3121EE}.Debug|Any CPU.ActiveCfg = Debug|Any CPU
		{21D64864-9ACC-4312-A26B-1BE61C3121EE}.Debug|Any CPU.Build.0 = Debug|Any CPU
		{21D64864-9ACC-4312-A26B-1BE61C3121EE}.Release|Any CPU.ActiveCfg = Release|Any CPU
		{21D64864-9ACC-4312-A26B-1BE61C3121EE}.Release|Any CPU.Build.0 = Release|Any CPU
	EndGlobalSection
EndGlobal
